
Microsoft Visual Studio Solution File, Format Version 12.00
# Visual Studio 15
Project("{FAE04EC0-301F-11D3-BF4B-00C04F79EFBC}") = "UnityEngine.UI", "UnityEngine.UI.csproj", "{AD7A172F-67D7-4833-135B-27AC4AA68B26}"
EndProject
Project("{FAE04EC0-301F-11D3-BF4B-00C04F79EFBC}") = "Assembly-CSharp", "Assembly-CSharp.csproj", "{2171C510-40D3-D335-7803-209BDF7372B1}"
EndProject
Project("{FAE04EC0-301F-11D3-BF4B-00C04F79EFBC}") = "UnityEngine.TestRunner", "UnityEngine.TestRunner.csproj", "{110CD9F4-D53C-96FB-CB96-16AAA5101AF4}"
EndProject
Project("{FAE04EC0-301F-11D3-BF4B-00C04F79EFBC}") = "Unity.Mathematics", "Unity.Mathematics.csproj", "{A1200A43-E104-2CC8-7424-9DD0AD7DBD82}"
EndProject
Project("{FAE04EC0-301F-11D3-BF4B-00C04F79EFBC}") = "UniTask", "UniTask.csproj", "{E35341E2-C33B-6189-EAB6-722B72C32D9F}"
EndProject
Project("{FAE04EC0-301F-11D3-BF4B-00C04F79EFBC}") = "LeanTransition", "LeanTransition.csproj", "{0E492260-EC4B-E6E5-BE48-5590D30164FB}"
EndProject
Project("{FAE04EC0-301F-11D3-BF4B-00C04F79EFBC}") = "LeanGUI", "LeanGUI.csproj", "{10F73C76-C43E-636A-DB9B-9CCE384D5DF1}"
EndProject
Project("{FAE04EC0-301F-11D3-BF4B-00C04F79EFBC}") = "UniTask.Linq", "UniTask.Linq.csproj", "{CD836FA0-AC35-4C5E-8B24-A367C3C5083A}"
EndProject
Project("{FAE04EC0-301F-11D3-BF4B-00C04F79EFBC}") = "Unity.2D.Animation.Runtime", "Unity.2D.Animation.Runtime.csproj", "{BB7FC89B-823C-2740-6D30-7B62D958003F}"
EndProject
Project("{FAE04EC0-301F-11D3-BF4B-00C04F79EFBC}") = "Unity.TextMeshPro", "Unity.TextMeshPro.csproj", "{5F524144-B430-F6E1-8C59-96F757285AAE}"
EndProject
Project("{FAE04EC0-301F-11D3-BF4B-00C04F79EFBC}") = "UnityGifDecoder", "UnityGifDecoder.csproj", "{D07316D4-D80D-AF49-06BE-5A479E402E9D}"
EndProject
Project("{FAE04EC0-301F-11D3-BF4B-00C04F79EFBC}") = "Unity.Timeline", "Unity.Timeline.csproj", "{E06FFC31-9547-85A3-042D-9446D6D48FF7}"
EndProject
Project("{FAE04EC0-301F-11D3-BF4B-00C04F79EFBC}") = "LeanCommon", "LeanCommon.csproj", "{F947111D-B856-385D-CE41-1F3BDEA3DCAA}"
EndProject
Project("{FAE04EC0-301F-11D3-BF4B-00C04F79EFBC}") = "Unity.2D.SpriteShape.Runtime", "Unity.2D.SpriteShape.Runtime.csproj", "{4E2A3C73-FDD4-581D-8B90-C31BEF623C75}"
EndProject
Project("{FAE04EC0-301F-11D3-BF4B-00C04F79EFBC}") = "Unity.2D.Animation.Triangle.Runtime", "Unity.2D.Animation.Triangle.Runtime.csproj", "{EDA047C3-6D65-AC54-6F50-36C6DF8A804F}"
EndProject
Project("{FAE04EC0-301F-11D3-BF4B-00C04F79EFBC}") = "UniTask.DOTween", "UniTask.DOTween.csproj", "{01EDC862-7F15-DDE9-1317-540467536787}"
EndProject
Project("{FAE04EC0-301F-11D3-BF4B-00C04F79EFBC}") = "Unity.2D.PixelPerfect", "Unity.2D.PixelPerfect.csproj", "{BA48625B-3787-20C1-BE73-3ADD5A818D64}"
EndProject
Project("{FAE04EC0-301F-11D3-BF4B-00C04F79EFBC}") = "Unity.2D.IK.Runtime", "Unity.2D.IK.Runtime.csproj", "{71E01004-8129-E433-C6AB-0D524F70120D}"
EndProject
Project("{FAE04EC0-301F-11D3-BF4B-00C04F79EFBC}") = "Unity.2D.Common.Runtime", "Unity.2D.Common.Runtime.csproj", "{C86680AB-608C-620F-C219-9E7F2268F161}"
EndProject
Project("{FAE04EC0-301F-11D3-BF4B-00C04F79EFBC}") = "UniTask.TextMeshPro", "UniTask.TextMeshPro.csproj", "{675B7EE8-9140-591E-6CBB-70299A5CEED3}"
EndProject
Project("{FAE04EC0-301F-11D3-BF4B-00C04F79EFBC}") = "endel.nativewebsocket", "endel.nativewebsocket.csproj", "{96F93B19-C768-892E-95F2-777F9B701293}"
EndProject
Project("{FAE04EC0-301F-11D3-BF4B-00C04F79EFBC}") = "Unity.InternalAPIEngineBridge.001", "Unity.InternalAPIEngineBridge.001.csproj", "{473009C2-6210-98B1-5210-7F59F54214F3}"
EndProject
Project("{FAE04EC0-301F-11D3-BF4B-00C04F79EFBC}") = "UniTask.Addressables", "UniTask.Addressables.csproj", "{37F4993F-623C-CDAD-6021-CE1ACC6368BE}"
EndProject
Project("{FAE04EC0-301F-11D3-BF4B-00C04F79EFBC}") = "Unity.PlasticSCM.Editor", "Unity.PlasticSCM.Editor.csproj", "{7708C581-5746-CA4E-62D3-071FD864282A}"
EndProject
Project("{FAE04EC0-301F-11D3-BF4B-00C04F79EFBC}") = "Unity.VisualStudio.Editor", "Unity.VisualStudio.Editor.csproj", "{63D23D8F-D247-9F6B-7CF6-2FE68AFE0F5A}"
EndProject
Project("{FAE04EC0-301F-11D3-BF4B-00C04F79EFBC}") = "Unity.Timeline.Editor", "Unity.Timeline.Editor.csproj", "{0AEB92BD-ACF0-A6B6-50FD-43A90334D5C6}"
EndProject
Project("{FAE04EC0-301F-11D3-BF4B-00C04F79EFBC}") = "Unity.TextMeshPro.Editor", "Unity.TextMeshPro.Editor.csproj", "{EFEDE6C1-EBC8-C3ED-6BA8-4E54A133E328}"
EndProject
Project("{FAE04EC0-301F-11D3-BF4B-00C04F79EFBC}") = "Unity.2D.Animation.Editor", "Unity.2D.Animation.Editor.csproj", "{4F48A28A-C7F1-E4FE-52AD-3274F326FE12}"
EndProject
Project("{FAE04EC0-301F-11D3-BF4B-00C04F79EFBC}") = "Unity.CollabProxy.Editor", "Unity.CollabProxy.Editor.csproj", "{06EE2F27-A9E6-8EBF-045D-C0354C7460DD}"
EndProject
Project("{FAE04EC0-301F-11D3-BF4B-00C04F79EFBC}") = "UnityEditor.TestRunner", "UnityEditor.TestRunner.csproj", "{4C52CB0C-964C-0241-C7EF-D7C5568FD89B}"
EndProject
Project("{FAE04EC0-301F-11D3-BF4B-00C04F79EFBC}") = "Unity.Rider.Editor", "Unity.Rider.Editor.csproj", "{2C75DA61-F2B8-30DB-D072-5E392C0D1101}"
EndProject
Project("{FAE04EC0-301F-11D3-BF4B-00C04F79EFBC}") = "Unity.2D.Path.Editor", "Unity.2D.Path.Editor.csproj", "{43DD8879-BB9C-CA52-FDBA-57A151C06DE7}"
EndProject
Project("{FAE04EC0-301F-11D3-BF4B-00C04F79EFBC}") = "Unity.Services.Core.Editor", "Unity.Services.Core.Editor.csproj", "{83061CCB-0AD2-0963-F1C4-59DAC5605467}"
EndProject
Project("{FAE04EC0-301F-11D3-BF4B-00C04F79EFBC}") = "PsdPlugin", "PsdPlugin.csproj", "{0A2F988E-B703-36A6-6C60-0470467DF3A0}"
EndProject
Project("{FAE04EC0-301F-11D3-BF4B-00C04F79EFBC}") = "Unity.2D.IK.Editor", "Unity.2D.IK.Editor.csproj", "{A433582B-C587-A4DE-915B-910DDC3A5468}"
EndProject
Project("{FAE04EC0-301F-11D3-BF4B-00C04F79EFBC}") = "Unity.2D.Psdimporter.Editor", "Unity.2D.Psdimporter.Editor.csproj", "{FB7F9CCB-379C-F40A-D8C3-2924EA4E8AB7}"
EndProject
Project("{FAE04EC0-301F-11D3-BF4B-00C04F79EFBC}") = "Unity.2D.SpriteShape.Editor", "Unity.2D.SpriteShape.Editor.csproj", "{2C9D16FE-4EBF-E249-30E2-18C3C2CA4F7C}"
EndProject
Project("{FAE04EC0-301F-11D3-BF4B-00C04F79EFBC}") = "Unity.2D.Tilemap.Editor", "Unity.2D.Tilemap.Editor.csproj", "{07775278-F849-D04E-0F9D-E4F16D61FD99}"
EndProject
Project("{FAE04EC0-301F-11D3-BF4B-00C04F79EFBC}") = "Unity.2D.PixelPerfect.Editor", "Unity.2D.PixelPerfect.Editor.csproj", "{D9DA9993-9C2B-F64D-11AC-3ECBB1FAA758}"
EndProject
Project("{FAE04EC0-301F-11D3-BF4B-00C04F79EFBC}") = "Unity.VSCode.Editor", "Unity.VSCode.Editor.csproj", "{1BB673C1-EE8D-75E8-0D02-E81F5FC2E8D1}"
EndProject
Project("{FAE04EC0-301F-11D3-BF4B-00C04F79EFBC}") = "Unity.2D.Sprite.Editor", "Unity.2D.Sprite.Editor.csproj", "{EEF0CC41-C443-A2E6-848C-916C58BEA809}"
EndProject
Project("{FAE04EC0-301F-11D3-BF4B-00C04F79EFBC}") = "UnityEditor.UI", "UnityEditor.UI.csproj", "{8669B484-AD3C-63DC-2894-FCC4407D5E8D}"
EndProject
Project("{FAE04EC0-301F-11D3-BF4B-00C04F79EFBC}") = "UniTask.Editor", "UniTask.Editor.csproj", "{DD1FF264-D76D-DF7C-9DBF-DC0AAAE3B1E4}"
EndProject
Project("{FAE04EC0-301F-11D3-BF4B-00C04F79EFBC}") = "Unity.Mathematics.Editor", "Unity.Mathematics.Editor.csproj", "{D6FDC7C9-DBDA-3959-0B18-B75810B9BD9B}"
EndProject
Project("{FAE04EC0-301F-11D3-BF4B-00C04F79EFBC}") = "Unity.2D.Common.Editor", "Unity.2D.Common.Editor.csproj", "{1F32666B-A18A-37AD-6F4A-BF62420D728F}"
EndProject
Project("{FAE04EC0-301F-11D3-BF4B-00C04F79EFBC}") = "LeanTransition.Editor", "LeanTransition.Editor.csproj", "{DC80FD13-30FB-2DDD-5803-92205E32573E}"
EndProject
Project("{FAE04EC0-301F-11D3-BF4B-00C04F79EFBC}") = "Unity.InternalAPIEditorBridge.001", "Unity.InternalAPIEditorBridge.001.csproj", "{69225809-D97A-B209-448B-90A96308120C}"
EndProject
Project("{FAE04EC0-301F-11D3-BF4B-00C04F79EFBC}") = "Assembly-CSharp-Editor", "Assembly-CSharp-Editor.csproj", "{85FF4F73-1D5B-4B43-14BA-5ACC5BB242B7}"
EndProject
Project("{FAE04EC0-301F-11D3-BF4B-00C04F79EFBC}") = "UnityEngine.UI", "UnityEngine.UI.Player.csproj", "{41025254-832C-F3D5-55D0-A108EF5F7648}"
EndProject
Project("{FAE04EC0-301F-11D3-BF4B-00C04F79EFBC}") = "Assembly-CSharp", "Assembly-CSharp.Player.csproj", "{33397F1F-17FE-B057-0FE7-1A789E2447BB}"
EndProject
Project("{FAE04EC0-301F-11D3-BF4B-00C04F79EFBC}") = "UnityEngine.TestRunner", "UnityEngine.TestRunner.Player.csproj", "{A28D450D-B18E-599F-F05A-B6541A2E9FA3}"
EndProject
Project("{FAE04EC0-301F-11D3-BF4B-00C04F79EFBC}") = "Unity.Mathematics", "Unity.Mathematics.Player.csproj", "{A8AB4EFF-BB29-F10D-3226-209F1CFB8E43}"
EndProject
Project("{FAE04EC0-301F-11D3-BF4B-00C04F79EFBC}") = "UniTask", "UniTask.Player.csproj", "{BE33E21C-7C57-8F74-4D0E-CC2BAA0B2634}"
EndProject
Project("{FAE04EC0-301F-11D3-BF4B-00C04F79EFBC}") = "LeanTransition", "LeanTransition.Player.csproj", "{51F14710-13B6-71D8-6109-31758F24ED4F}"
EndProject
Project("{FAE04EC0-301F-11D3-BF4B-00C04F79EFBC}") = "LeanGUI", "LeanGUI.Player.csproj", "{5C94D1E5-5267-E92D-746D-B3D375922F01}"
EndProject
Project("{FAE04EC0-301F-11D3-BF4B-00C04F79EFBC}") = "UniTask.Linq", "UniTask.Linq.Player.csproj", "{C9875C6B-D751-D575-3AC2-92B9741A26B6}"
EndProject
Project("{FAE04EC0-301F-11D3-BF4B-00C04F79EFBC}") = "Unity.2D.Animation.Runtime", "Unity.2D.Animation.Runtime.Player.csproj", "{745C17A4-FE77-A8E8-C8DF-7861B32360FB}"
EndProject
Project("{FAE04EC0-301F-11D3-BF4B-00C04F79EFBC}") = "Unity.TextMeshPro", "Unity.TextMeshPro.Player.csproj", "{000D6105-C440-9EA5-7A0B-F55D3010EB24}"
EndProject
Project("{FAE04EC0-301F-11D3-BF4B-00C04F79EFBC}") = "UnityGifDecoder", "UnityGifDecoder.Player.csproj", "{21429E28-36E3-F626-4785-4FE0FE075356}"
EndProject
Project("{FAE04EC0-301F-11D3-BF4B-00C04F79EFBC}") = "Unity.Timeline", "Unity.Timeline.Player.csproj", "{52A3DAE8-BDD1-BB14-BA54-F4A629AF705E}"
EndProject
Project("{FAE04EC0-301F-11D3-BF4B-00C04F79EFBC}") = "LeanCommon", "LeanCommon.Player.csproj", "{ADF9573C-2E63-3216-2FE4-0E93F5D24115}"
EndProject
Project("{FAE04EC0-301F-11D3-BF4B-00C04F79EFBC}") = "Unity.2D.SpriteShape.Runtime", "Unity.2D.SpriteShape.Runtime.Player.csproj", "{C08C07F2-E686-C684-F5D0-81439CA803E2}"
EndProject
Project("{FAE04EC0-301F-11D3-BF4B-00C04F79EFBC}") = "Unity.2D.Animation.Triangle.Runtime", "Unity.2D.Animation.Triangle.Runtime.Player.csproj", "{BBD78531-FE9E-0DEE-D06A-D0842FFAF7DF}"
EndProject
Project("{FAE04EC0-301F-11D3-BF4B-00C04F79EFBC}") = "UniTask.DOTween", "UniTask.DOTween.Player.csproj", "{C5517AAA-7EE0-A8AE-818F-0EEFE66E81ED}"
EndProject
Project("{FAE04EC0-301F-11D3-BF4B-00C04F79EFBC}") = "Unity.2D.PixelPerfect", "Unity.2D.PixelPerfect.Player.csproj", "{432EA1D8-BEC7-5C81-0CA2-E80A58753585}"
EndProject
Project("{FAE04EC0-301F-11D3-BF4B-00C04F79EFBC}") = "Unity.2D.IK.Runtime", "Unity.2D.IK.Runtime.Player.csproj", "{18E88808-417A-D577-0093-1EE3D51FBF0C}"
EndProject
Project("{FAE04EC0-301F-11D3-BF4B-00C04F79EFBC}") = "Unity.2D.Common.Runtime", "Unity.2D.Common.Runtime.Player.csproj", "{75AAFE38-0059-AFB9-2A33-E6D1EEE71E5F}"
EndProject
Project("{FAE04EC0-301F-11D3-BF4B-00C04F79EFBC}") = "UniTask.TextMeshPro", "UniTask.TextMeshPro.Player.csproj", "{8F34C17E-086E-6FAA-B907-D3FA74CABB2A}"
EndProject
Project("{FAE04EC0-301F-11D3-BF4B-00C04F79EFBC}") = "endel.nativewebsocket", "endel.nativewebsocket.Player.csproj", "{6E9E430F-891D-BF87-B438-160A7CD6F8A8}"
EndProject
Project("{FAE04EC0-301F-11D3-BF4B-00C04F79EFBC}") = "Unity.InternalAPIEngineBridge.001", "Unity.InternalAPIEngineBridge.001.Player.csproj", "{F45956B6-BD2D-18C4-50CD-44FF3314D328}"
EndProject
Project("{FAE04EC0-301F-11D3-BF4B-00C04F79EFBC}") = "UniTask.Addressables", "UniTask.Addressables.Player.csproj", "{CD9F600B-5B24-0B44-BECB-F3D06288C183}"
EndProject
Global
	GlobalSection(SolutionConfigurationPlatforms) = preSolution
		Debug|Any CPU = Debug|Any CPU
		Release|Any CPU = Release|Any CPU
	EndGlobalSection
	GlobalSection(ProjectConfigurationPlatforms) = postSolution
		{AD7A172F-67D7-4833-135B-27AC4AA68B26}.Debug|Any CPU.ActiveCfg = Debug|Any CPU
		{AD7A172F-67D7-4833-135B-27AC4AA68B26}.Debug|Any CPU.Build.0 = Debug|Any CPU
		{AD7A172F-67D7-4833-135B-27AC4AA68B26}.Release|Any CPU.ActiveCfg = Release|Any CPU
		{AD7A172F-67D7-4833-135B-27AC4AA68B26}.Release|Any CPU.Build.0 = Release|Any CPU
		{2171C510-40D3-D335-7803-209BDF7372B1}.Debug|Any CPU.ActiveCfg = Debug|Any CPU
		{2171C510-40D3-D335-7803-209BDF7372B1}.Debug|Any CPU.Build.0 = Debug|Any CPU
		{2171C510-40D3-D335-7803-209BDF7372B1}.Release|Any CPU.ActiveCfg = Release|Any CPU
		{2171C510-40D3-D335-7803-209BDF7372B1}.Release|Any CPU.Build.0 = Release|Any CPU
		{110CD9F4-D53C-96FB-CB96-16AAA5101AF4}.Debug|Any CPU.ActiveCfg = Debug|Any CPU
		{110CD9F4-D53C-96FB-CB96-16AAA5101AF4}.Debug|Any CPU.Build.0 = Debug|Any CPU
		{110CD9F4-D53C-96FB-CB96-16AAA5101AF4}.Release|Any CPU.ActiveCfg = Release|Any CPU
		{110CD9F4-D53C-96FB-CB96-16AAA5101AF4}.Release|Any CPU.Build.0 = Release|Any CPU
		{A1200A43-E104-2CC8-7424-9DD0AD7DBD82}.Debug|Any CPU.ActiveCfg = Debug|Any CPU
		{A1200A43-E104-2CC8-7424-9DD0AD7DBD82}.Debug|Any CPU.Build.0 = Debug|Any CPU
		{A1200A43-E104-2CC8-7424-9DD0AD7DBD82}.Release|Any CPU.ActiveCfg = Release|Any CPU
		{A1200A43-E104-2CC8-7424-9DD0AD7DBD82}.Release|Any CPU.Build.0 = Release|Any CPU
		{E35341E2-C33B-6189-EAB6-722B72C32D9F}.Debug|Any CPU.ActiveCfg = Debug|Any CPU
		{E35341E2-C33B-6189-EAB6-722B72C32D9F}.Debug|Any CPU.Build.0 = Debug|Any CPU
		{E35341E2-C33B-6189-EAB6-722B72C32D9F}.Release|Any CPU.ActiveCfg = Release|Any CPU
		{E35341E2-C33B-6189-EAB6-722B72C32D9F}.Release|Any CPU.Build.0 = Release|Any CPU
		{0E492260-EC4B-E6E5-BE48-5590D30164FB}.Debug|Any CPU.ActiveCfg = Debug|Any CPU
		{0E492260-EC4B-E6E5-BE48-5590D30164FB}.Debug|Any CPU.Build.0 = Debug|Any CPU
		{0E492260-EC4B-E6E5-BE48-5590D30164FB}.Release|Any CPU.ActiveCfg = Release|Any CPU
		{0E492260-EC4B-E6E5-BE48-5590D30164FB}.Release|Any CPU.Build.0 = Release|Any CPU
		{10F73C76-C43E-636A-DB9B-9CCE384D5DF1}.Debug|Any CPU.ActiveCfg = Debug|Any CPU
		{10F73C76-C43E-636A-DB9B-9CCE384D5DF1}.Debug|Any CPU.Build.0 = Debug|Any CPU
		{10F73C76-C43E-636A-DB9B-9CCE384D5DF1}.Release|Any CPU.ActiveCfg = Release|Any CPU
		{10F73C76-C43E-636A-DB9B-9CCE384D5DF1}.Release|Any CPU.Build.0 = Release|Any CPU
		{CD836FA0-AC35-4C5E-8B24-A367C3C5083A}.Debug|Any CPU.ActiveCfg = Debug|Any CPU
		{CD836FA0-AC35-4C5E-8B24-A367C3C5083A}.Debug|Any CPU.Build.0 = Debug|Any CPU
		{CD836FA0-AC35-4C5E-8B24-A367C3C5083A}.Release|Any CPU.ActiveCfg = Release|Any CPU
		{CD836FA0-AC35-4C5E-8B24-A367C3C5083A}.Release|Any CPU.Build.0 = Release|Any CPU
		{BB7FC89B-823C-2740-6D30-7B62D958003F}.Debug|Any CPU.ActiveCfg = Debug|Any CPU
		{BB7FC89B-823C-2740-6D30-7B62D958003F}.Debug|Any CPU.Build.0 = Debug|Any CPU
		{BB7FC89B-823C-2740-6D30-7B62D958003F}.Release|Any CPU.ActiveCfg = Release|Any CPU
		{BB7FC89B-823C-2740-6D30-7B62D958003F}.Release|Any CPU.Build.0 = Release|Any CPU
		{5F524144-B430-F6E1-8C59-96F757285AAE}.Debug|Any CPU.ActiveCfg = Debug|Any CPU
		{5F524144-B430-F6E1-8C59-96F757285AAE}.Debug|Any CPU.Build.0 = Debug|Any CPU
		{5F524144-B430-F6E1-8C59-96F757285AAE}.Release|Any CPU.ActiveCfg = Release|Any CPU
		{5F524144-B430-F6E1-8C59-96F757285AAE}.Release|Any CPU.Build.0 = Release|Any CPU
		{D07316D4-D80D-AF49-06BE-5A479E402E9D}.Debug|Any CPU.ActiveCfg = Debug|Any CPU
		{D07316D4-D80D-AF49-06BE-5A479E402E9D}.Debug|Any CPU.Build.0 = Debug|Any CPU
		{D07316D4-D80D-AF49-06BE-5A479E402E9D}.Release|Any CPU.ActiveCfg = Release|Any CPU
		{D07316D4-D80D-AF49-06BE-5A479E402E9D}.Release|Any CPU.Build.0 = Release|Any CPU
		{E06FFC31-9547-85A3-042D-9446D6D48FF7}.Debug|Any CPU.ActiveCfg = Debug|Any CPU
		{E06FFC31-9547-85A3-042D-9446D6D48FF7}.Debug|Any CPU.Build.0 = Debug|Any CPU
		{E06FFC31-9547-85A3-042D-9446D6D48FF7}.Release|Any CPU.ActiveCfg = Release|Any CPU
		{E06FFC31-9547-85A3-042D-9446D6D48FF7}.Release|Any CPU.Build.0 = Release|Any CPU
		{F947111D-B856-385D-CE41-1F3BDEA3DCAA}.Debug|Any CPU.ActiveCfg = Debug|Any CPU
		{F947111D-B856-385D-CE41-1F3BDEA3DCAA}.Debug|Any CPU.Build.0 = Debug|Any CPU
		{F947111D-B856-385D-CE41-1F3BDEA3DCAA}.Release|Any CPU.ActiveCfg = Release|Any CPU
		{F947111D-B856-385D-CE41-1F3BDEA3DCAA}.Release|Any CPU.Build.0 = Release|Any CPU
		{4E2A3C73-FDD4-581D-8B90-C31BEF623C75}.Debug|Any CPU.ActiveCfg = Debug|Any CPU
		{4E2A3C73-FDD4-581D-8B90-C31BEF623C75}.Debug|Any CPU.Build.0 = Debug|Any CPU
		{4E2A3C73-FDD4-581D-8B90-C31BEF623C75}.Release|Any CPU.ActiveCfg = Release|Any CPU
		{4E2A3C73-FDD4-581D-8B90-C31BEF623C75}.Release|Any CPU.Build.0 = Release|Any CPU
		{EDA047C3-6D65-AC54-6F50-36C6DF8A804F}.Debug|Any CPU.ActiveCfg = Debug|Any CPU
		{EDA047C3-6D65-AC54-6F50-36C6DF8A804F}.Debug|Any CPU.Build.0 = Debug|Any CPU
		{EDA047C3-6D65-AC54-6F50-36C6DF8A804F}.Release|Any CPU.ActiveCfg = Release|Any CPU
		{EDA047C3-6D65-AC54-6F50-36C6DF8A804F}.Release|Any CPU.Build.0 = Release|Any CPU
		{01EDC862-7F15-DDE9-1317-540467536787}.Debug|Any CPU.ActiveCfg = Debug|Any CPU
		{01EDC862-7F15-DDE9-1317-540467536787}.Debug|Any CPU.Build.0 = Debug|Any CPU
		{01EDC862-7F15-DDE9-1317-540467536787}.Release|Any CPU.ActiveCfg = Release|Any CPU
		{01EDC862-7F15-DDE9-1317-540467536787}.Release|Any CPU.Build.0 = Release|Any CPU
		{BA48625B-3787-20C1-BE73-3ADD5A818D64}.Debug|Any CPU.ActiveCfg = Debug|Any CPU
		{BA48625B-3787-20C1-BE73-3ADD5A818D64}.Debug|Any CPU.Build.0 = Debug|Any CPU
		{BA48625B-3787-20C1-BE73-3ADD5A818D64}.Release|Any CPU.ActiveCfg = Release|Any CPU
		{BA48625B-3787-20C1-BE73-3ADD5A818D64}.Release|Any CPU.Build.0 = Release|Any CPU
		{71E01004-8129-E433-C6AB-0D524F70120D}.Debug|Any CPU.ActiveCfg = Debug|Any CPU
		{71E01004-8129-E433-C6AB-0D524F70120D}.Debug|Any CPU.Build.0 = Debug|Any CPU
		{71E01004-8129-E433-C6AB-0D524F70120D}.Release|Any CPU.ActiveCfg = Release|Any CPU
		{71E01004-8129-E433-C6AB-0D524F70120D}.Release|Any CPU.Build.0 = Release|Any CPU
		{C86680AB-608C-620F-C219-9E7F2268F161}.Debug|Any CPU.ActiveCfg = Debug|Any CPU
		{C86680AB-608C-620F-C219-9E7F2268F161}.Debug|Any CPU.Build.0 = Debug|Any CPU
		{C86680AB-608C-620F-C219-9E7F2268F161}.Release|Any CPU.ActiveCfg = Release|Any CPU
		{C86680AB-608C-620F-C219-9E7F2268F161}.Release|Any CPU.Build.0 = Release|Any CPU
		{675B7EE8-9140-591E-6CBB-70299A5CEED3}.Debug|Any CPU.ActiveCfg = Debug|Any CPU
		{675B7EE8-9140-591E-6CBB-70299A5CEED3}.Debug|Any CPU.Build.0 = Debug|Any CPU
		{675B7EE8-9140-591E-6CBB-70299A5CEED3}.Release|Any CPU.ActiveCfg = Release|Any CPU
		{675B7EE8-9140-591E-6CBB-70299A5CEED3}.Release|Any CPU.Build.0 = Release|Any CPU
		{96F93B19-C768-892E-95F2-777F9B701293}.Debug|Any CPU.ActiveCfg = Debug|Any CPU
		{96F93B19-C768-892E-95F2-777F9B701293}.Debug|Any CPU.Build.0 = Debug|Any CPU
		{96F93B19-C768-892E-95F2-777F9B701293}.Release|Any CPU.ActiveCfg = Release|Any CPU
		{96F93B19-C768-892E-95F2-777F9B701293}.Release|Any CPU.Build.0 = Release|Any CPU
		{473009C2-6210-98B1-5210-7F59F54214F3}.Debug|Any CPU.ActiveCfg = Debug|Any CPU
		{473009C2-6210-98B1-5210-7F59F54214F3}.Debug|Any CPU.Build.0 = Debug|Any CPU
		{473009C2-6210-98B1-5210-7F59F54214F3}.Release|Any CPU.ActiveCfg = Release|Any CPU
		{473009C2-6210-98B1-5210-7F59F54214F3}.Release|Any CPU.Build.0 = Release|Any CPU
		{37F4993F-623C-CDAD-6021-CE1ACC6368BE}.Debug|Any CPU.ActiveCfg = Debug|Any CPU
		{37F4993F-623C-CDAD-6021-CE1ACC6368BE}.Debug|Any CPU.Build.0 = Debug|Any CPU
		{37F4993F-623C-CDAD-6021-CE1ACC6368BE}.Release|Any CPU.ActiveCfg = Release|Any CPU
		{37F4993F-623C-CDAD-6021-CE1ACC6368BE}.Release|Any CPU.Build.0 = Release|Any CPU
		{7708C581-5746-CA4E-62D3-071FD864282A}.Debug|Any CPU.ActiveCfg = Debug|Any CPU
		{7708C581-5746-CA4E-62D3-071FD864282A}.Debug|Any CPU.Build.0 = Debug|Any CPU
		{7708C581-5746-CA4E-62D3-071FD864282A}.Release|Any CPU.ActiveCfg = Release|Any CPU
		{7708C581-5746-CA4E-62D3-071FD864282A}.Release|Any CPU.Build.0 = Release|Any CPU
		{63D23D8F-D247-9F6B-7CF6-2FE68AFE0F5A}.Debug|Any CPU.ActiveCfg = Debug|Any CPU
		{63D23D8F-D247-9F6B-7CF6-2FE68AFE0F5A}.Debug|Any CPU.Build.0 = Debug|Any CPU
		{63D23D8F-D247-9F6B-7CF6-2FE68AFE0F5A}.Release|Any CPU.ActiveCfg = Release|Any CPU
		{63D23D8F-D247-9F6B-7CF6-2FE68AFE0F5A}.Release|Any CPU.Build.0 = Release|Any CPU
		{0AEB92BD-ACF0-A6B6-50FD-43A90334D5C6}.Debug|Any CPU.ActiveCfg = Debug|Any CPU
		{0AEB92BD-ACF0-A6B6-50FD-43A90334D5C6}.Debug|Any CPU.Build.0 = Debug|Any CPU
		{0AEB92BD-ACF0-A6B6-50FD-43A90334D5C6}.Release|Any CPU.ActiveCfg = Release|Any CPU
		{0AEB92BD-ACF0-A6B6-50FD-43A90334D5C6}.Release|Any CPU.Build.0 = Release|Any CPU
		{EFEDE6C1-EBC8-C3ED-6BA8-4E54A133E328}.Debug|Any CPU.ActiveCfg = Debug|Any CPU
		{EFEDE6C1-EBC8-C3ED-6BA8-4E54A133E328}.Debug|Any CPU.Build.0 = Debug|Any CPU
		{EFEDE6C1-EBC8-C3ED-6BA8-4E54A133E328}.Release|Any CPU.ActiveCfg = Release|Any CPU
		{EFEDE6C1-EBC8-C3ED-6BA8-4E54A133E328}.Release|Any CPU.Build.0 = Release|Any CPU
		{4F48A28A-C7F1-E4FE-52AD-3274F326FE12}.Debug|Any CPU.ActiveCfg = Debug|Any CPU
		{4F48A28A-C7F1-E4FE-52AD-3274F326FE12}.Debug|Any CPU.Build.0 = Debug|Any CPU
		{4F48A28A-C7F1-E4FE-52AD-3274F326FE12}.Release|Any CPU.ActiveCfg = Release|Any CPU
		{4F48A28A-C7F1-E4FE-52AD-3274F326FE12}.Release|Any CPU.Build.0 = Release|Any CPU
		{06EE2F27-A9E6-8EBF-045D-C0354C7460DD}.Debug|Any CPU.ActiveCfg = Debug|Any CPU
		{06EE2F27-A9E6-8EBF-045D-C0354C7460DD}.Debug|Any CPU.Build.0 = Debug|Any CPU
		{06EE2F27-A9E6-8EBF-045D-C0354C7460DD}.Release|Any CPU.ActiveCfg = Release|Any CPU
		{06EE2F27-A9E6-8EBF-045D-C0354C7460DD}.Release|Any CPU.Build.0 = Release|Any CPU
		{4C52CB0C-964C-0241-C7EF-D7C5568FD89B}.Debug|Any CPU.ActiveCfg = Debug|Any CPU
		{4C52CB0C-964C-0241-C7EF-D7C5568FD89B}.Debug|Any CPU.Build.0 = Debug|Any CPU
		{4C52CB0C-964C-0241-C7EF-D7C5568FD89B}.Release|Any CPU.ActiveCfg = Release|Any CPU
		{4C52CB0C-964C-0241-C7EF-D7C5568FD89B}.Release|Any CPU.Build.0 = Release|Any CPU
		{2C75DA61-F2B8-30DB-D072-5E392C0D1101}.Debug|Any CPU.ActiveCfg = Debug|Any CPU
		{2C75DA61-F2B8-30DB-D072-5E392C0D1101}.Debug|Any CPU.Build.0 = Debug|Any CPU
		{2C75DA61-F2B8-30DB-D072-5E392C0D1101}.Release|Any CPU.ActiveCfg = Release|Any CPU
		{2C75DA61-F2B8-30DB-D072-5E392C0D1101}.Release|Any CPU.Build.0 = Release|Any CPU
		{43DD8879-BB9C-CA52-FDBA-57A151C06DE7}.Debug|Any CPU.ActiveCfg = Debug|Any CPU
		{43DD8879-BB9C-CA52-FDBA-57A151C06DE7}.Debug|Any CPU.Build.0 = Debug|Any CPU
		{43DD8879-BB9C-CA52-FDBA-57A151C06DE7}.Release|Any CPU.ActiveCfg = Release|Any CPU
		{43DD8879-BB9C-CA52-FDBA-57A151C06DE7}.Release|Any CPU.Build.0 = Release|Any CPU
		{83061CCB-0AD2-0963-F1C4-59DAC5605467}.Debug|Any CPU.ActiveCfg = Debug|Any CPU
		{83061CCB-0AD2-0963-F1C4-59DAC5605467}.Debug|Any CPU.Build.0 = Debug|Any CPU
		{83061CCB-0AD2-0963-F1C4-59DAC5605467}.Release|Any CPU.ActiveCfg = Release|Any CPU
		{83061CCB-0AD2-0963-F1C4-59DAC5605467}.Release|Any CPU.Build.0 = Release|Any CPU
		{0A2F988E-B703-36A6-6C60-0470467DF3A0}.Debug|Any CPU.ActiveCfg = Debug|Any CPU
		{0A2F988E-B703-36A6-6C60-0470467DF3A0}.Debug|Any CPU.Build.0 = Debug|Any CPU
		{0A2F988E-B703-36A6-6C60-0470467DF3A0}.Release|Any CPU.ActiveCfg = Release|Any CPU
		{0A2F988E-B703-36A6-6C60-0470467DF3A0}.Release|Any CPU.Build.0 = Release|Any CPU
		{A433582B-C587-A4DE-915B-910DDC3A5468}.Debug|Any CPU.ActiveCfg = Debug|Any CPU
		{A433582B-C587-A4DE-915B-910DDC3A5468}.Debug|Any CPU.Build.0 = Debug|Any CPU
		{A433582B-C587-A4DE-915B-910DDC3A5468}.Release|Any CPU.ActiveCfg = Release|Any CPU
		{A433582B-C587-A4DE-915B-910DDC3A5468}.Release|Any CPU.Build.0 = Release|Any CPU
		{FB7F9CCB-379C-F40A-D8C3-2924EA4E8AB7}.Debug|Any CPU.ActiveCfg = Debug|Any CPU
		{FB7F9CCB-379C-F40A-D8C3-2924EA4E8AB7}.Debug|Any CPU.Build.0 = Debug|Any CPU
		{FB7F9CCB-379C-F40A-D8C3-2924EA4E8AB7}.Release|Any CPU.ActiveCfg = Release|Any CPU
		{FB7F9CCB-379C-F40A-D8C3-2924EA4E8AB7}.Release|Any CPU.Build.0 = Release|Any CPU
		{2C9D16FE-4EBF-E249-30E2-18C3C2CA4F7C}.Debug|Any CPU.ActiveCfg = Debug|Any CPU
		{2C9D16FE-4EBF-E249-30E2-18C3C2CA4F7C}.Debug|Any CPU.Build.0 = Debug|Any CPU
		{2C9D16FE-4EBF-E249-30E2-18C3C2CA4F7C}.Release|Any CPU.ActiveCfg = Release|Any CPU
		{2C9D16FE-4EBF-E249-30E2-18C3C2CA4F7C}.Release|Any CPU.Build.0 = Release|Any CPU
		{07775278-F849-D04E-0F9D-E4F16D61FD99}.Debug|Any CPU.ActiveCfg = Debug|Any CPU
		{07775278-F849-D04E-0F9D-E4F16D61FD99}.Debug|Any CPU.Build.0 = Debug|Any CPU
		{07775278-F849-D04E-0F9D-E4F16D61FD99}.Release|Any CPU.ActiveCfg = Release|Any CPU
		{07775278-F849-D04E-0F9D-E4F16D61FD99}.Release|Any CPU.Build.0 = Release|Any CPU
		{D9DA9993-9C2B-F64D-11AC-3ECBB1FAA758}.Debug|Any CPU.ActiveCfg = Debug|Any CPU
		{D9DA9993-9C2B-F64D-11AC-3ECBB1FAA758}.Debug|Any CPU.Build.0 = Debug|Any CPU
		{D9DA9993-9C2B-F64D-11AC-3ECBB1FAA758}.Release|Any CPU.ActiveCfg = Release|Any CPU
		{D9DA9993-9C2B-F64D-11AC-3ECBB1FAA758}.Release|Any CPU.Build.0 = Release|Any CPU
		{1BB673C1-EE8D-75E8-0D02-E81F5FC2E8D1}.Debug|Any CPU.ActiveCfg = Debug|Any CPU
		{1BB673C1-EE8D-75E8-0D02-E81F5FC2E8D1}.Debug|Any CPU.Build.0 = Debug|Any CPU
		{1BB673C1-EE8D-75E8-0D02-E81F5FC2E8D1}.Release|Any CPU.ActiveCfg = Release|Any CPU
		{1BB673C1-EE8D-75E8-0D02-E81F5FC2E8D1}.Release|Any CPU.Build.0 = Release|Any CPU
		{EEF0CC41-C443-A2E6-848C-916C58BEA809}.Debug|Any CPU.ActiveCfg = Debug|Any CPU
		{EEF0CC41-C443-A2E6-848C-916C58BEA809}.Debug|Any CPU.Build.0 = Debug|Any CPU
		{EEF0CC41-C443-A2E6-848C-916C58BEA809}.Release|Any CPU.ActiveCfg = Release|Any CPU
		{EEF0CC41-C443-A2E6-848C-916C58BEA809}.Release|Any CPU.Build.0 = Release|Any CPU
		{8669B484-AD3C-63DC-2894-FCC4407D5E8D}.Debug|Any CPU.ActiveCfg = Debug|Any CPU
		{8669B484-AD3C-63DC-2894-FCC4407D5E8D}.Debug|Any CPU.Build.0 = Debug|Any CPU
		{8669B484-AD3C-63DC-2894-FCC4407D5E8D}.Release|Any CPU.ActiveCfg = Release|Any CPU
		{8669B484-AD3C-63DC-2894-FCC4407D5E8D}.Release|Any CPU.Build.0 = Release|Any CPU
		{DD1FF264-D76D-DF7C-9DBF-DC0AAAE3B1E4}.Debug|Any CPU.ActiveCfg = Debug|Any CPU
		{DD1FF264-D76D-DF7C-9DBF-DC0AAAE3B1E4}.Debug|Any CPU.Build.0 = Debug|Any CPU
		{DD1FF264-D76D-DF7C-9DBF-DC0AAAE3B1E4}.Release|Any CPU.ActiveCfg = Release|Any CPU
		{DD1FF264-D76D-DF7C-9DBF-DC0AAAE3B1E4}.Release|Any CPU.Build.0 = Release|Any CPU
		{D6FDC7C9-DBDA-3959-0B18-B75810B9BD9B}.Debug|Any CPU.ActiveCfg = Debug|Any CPU
		{D6FDC7C9-DBDA-3959-0B18-B75810B9BD9B}.Debug|Any CPU.Build.0 = Debug|Any CPU
		{D6FDC7C9-DBDA-3959-0B18-B75810B9BD9B}.Release|Any CPU.ActiveCfg = Release|Any CPU
		{D6FDC7C9-DBDA-3959-0B18-B75810B9BD9B}.Release|Any CPU.Build.0 = Release|Any CPU
		{1F32666B-A18A-37AD-6F4A-BF62420D728F}.Debug|Any CPU.ActiveCfg = Debug|Any CPU
		{1F32666B-A18A-37AD-6F4A-BF62420D728F}.Debug|Any CPU.Build.0 = Debug|Any CPU
		{1F32666B-A18A-37AD-6F4A-BF62420D728F}.Release|Any CPU.ActiveCfg = Release|Any CPU
		{1F32666B-A18A-37AD-6F4A-BF62420D728F}.Release|Any CPU.Build.0 = Release|Any CPU
		{DC80FD13-30FB-2DDD-5803-92205E32573E}.Debug|Any CPU.ActiveCfg = Debug|Any CPU
		{DC80FD13-30FB-2DDD-5803-92205E32573E}.Debug|Any CPU.Build.0 = Debug|Any CPU
		{DC80FD13-30FB-2DDD-5803-92205E32573E}.Release|Any CPU.ActiveCfg = Release|Any CPU
		{DC80FD13-30FB-2DDD-5803-92205E32573E}.Release|Any CPU.Build.0 = Release|Any CPU
		{69225809-D97A-B209-448B-90A96308120C}.Debug|Any CPU.ActiveCfg = Debug|Any CPU
		{69225809-D97A-B209-448B-90A96308120C}.Debug|Any CPU.Build.0 = Debug|Any CPU
		{69225809-D97A-B209-448B-90A96308120C}.Release|Any CPU.ActiveCfg = Release|Any CPU
		{69225809-D97A-B209-448B-90A96308120C}.Release|Any CPU.Build.0 = Release|Any CPU
		{85FF4F73-1D5B-4B43-14BA-5ACC5BB242B7}.Debug|Any CPU.ActiveCfg = Debug|Any CPU
		{85FF4F73-1D5B-4B43-14BA-5ACC5BB242B7}.Debug|Any CPU.Build.0 = Debug|Any CPU
		{85FF4F73-1D5B-4B43-14BA-5ACC5BB242B7}.Release|Any CPU.ActiveCfg = Release|Any CPU
		{85FF4F73-1D5B-4B43-14BA-5ACC5BB242B7}.Release|Any CPU.Build.0 = Release|Any CPU
		{41025254-832C-F3D5-55D0-A108EF5F7648}.Debug|Any CPU.ActiveCfg = Debug|Any CPU
		{41025254-832C-F3D5-55D0-A108EF5F7648}.Debug|Any CPU.Build.0 = Debug|Any CPU
		{41025254-832C-F3D5-55D0-A108EF5F7648}.Release|Any CPU.ActiveCfg = Release|Any CPU
		{41025254-832C-F3D5-55D0-A108EF5F7648}.Release|Any CPU.Build.0 = Release|Any CPU
		{33397F1F-17FE-B057-0FE7-1A789E2447BB}.Debug|Any CPU.ActiveCfg = Debug|Any CPU
		{33397F1F-17FE-B057-0FE7-1A789E2447BB}.Debug|Any CPU.Build.0 = Debug|Any CPU
		{33397F1F-17FE-B057-0FE7-1A789E2447BB}.Release|Any CPU.ActiveCfg = Release|Any CPU
		{33397F1F-17FE-B057-0FE7-1A789E2447BB}.Release|Any CPU.Build.0 = Release|Any CPU
		{A28D450D-B18E-599F-F05A-B6541A2E9FA3}.Debug|Any CPU.ActiveCfg = Debug|Any CPU
		{A28D450D-B18E-599F-F05A-B6541A2E9FA3}.Debug|Any CPU.Build.0 = Debug|Any CPU
		{A28D450D-B18E-599F-F05A-B6541A2E9FA3}.Release|Any CPU.ActiveCfg = Release|Any CPU
		{A28D450D-B18E-599F-F05A-B6541A2E9FA3}.Release|Any CPU.Build.0 = Release|Any CPU
		{A8AB4EFF-BB29-F10D-3226-209F1CFB8E43}.Debug|Any CPU.ActiveCfg = Debug|Any CPU
		{A8AB4EFF-BB29-F10D-3226-209F1CFB8E43}.Debug|Any CPU.Build.0 = Debug|Any CPU
		{A8AB4EFF-BB29-F10D-3226-209F1CFB8E43}.Release|Any CPU.ActiveCfg = Release|Any CPU
		{A8AB4EFF-BB29-F10D-3226-209F1CFB8E43}.Release|Any CPU.Build.0 = Release|Any CPU
		{BE33E21C-7C57-8F74-4D0E-CC2BAA0B2634}.Debug|Any CPU.ActiveCfg = Debug|Any CPU
		{BE33E21C-7C57-8F74-4D0E-CC2BAA0B2634}.Debug|Any CPU.Build.0 = Debug|Any CPU
		{BE33E21C-7C57-8F74-4D0E-CC2BAA0B2634}.Release|Any CPU.ActiveCfg = Release|Any CPU
		{BE33E21C-7C57-8F74-4D0E-CC2BAA0B2634}.Release|Any CPU.Build.0 = Release|Any CPU
		{51F14710-13B6-71D8-6109-31758F24ED4F}.Debug|Any CPU.ActiveCfg = Debug|Any CPU
		{51F14710-13B6-71D8-6109-31758F24ED4F}.Debug|Any CPU.Build.0 = Debug|Any CPU
		{51F14710-13B6-71D8-6109-31758F24ED4F}.Release|Any CPU.ActiveCfg = Release|Any CPU
		{51F14710-13B6-71D8-6109-31758F24ED4F}.Release|Any CPU.Build.0 = Release|Any CPU
		{5C94D1E5-5267-E92D-746D-B3D375922F01}.Debug|Any CPU.ActiveCfg = Debug|Any CPU
		{5C94D1E5-5267-E92D-746D-B3D375922F01}.Debug|Any CPU.Build.0 = Debug|Any CPU
		{5C94D1E5-5267-E92D-746D-B3D375922F01}.Release|Any CPU.ActiveCfg = Release|Any CPU
		{5C94D1E5-5267-E92D-746D-B3D375922F01}.Release|Any CPU.Build.0 = Release|Any CPU
		{C9875C6B-D751-D575-3AC2-92B9741A26B6}.Debug|Any CPU.ActiveCfg = Debug|Any CPU
		{C9875C6B-D751-D575-3AC2-92B9741A26B6}.Debug|Any CPU.Build.0 = Debug|Any CPU
		{C9875C6B-D751-D575-3AC2-92B9741A26B6}.Release|Any CPU.ActiveCfg = Release|Any CPU
		{C9875C6B-D751-D575-3AC2-92B9741A26B6}.Release|Any CPU.Build.0 = Release|Any CPU
		{745C17A4-FE77-A8E8-C8DF-7861B32360FB}.Debug|Any CPU.ActiveCfg = Debug|Any CPU
		{745C17A4-FE77-A8E8-C8DF-7861B32360FB}.Debug|Any CPU.Build.0 = Debug|Any CPU
		{745C17A4-FE77-A8E8-C8DF-7861B32360FB}.Release|Any CPU.ActiveCfg = Release|Any CPU
		{745C17A4-FE77-A8E8-C8DF-7861B32360FB}.Release|Any CPU.Build.0 = Release|Any CPU
		{000D6105-C440-9EA5-7A0B-F55D3010EB24}.Debug|Any CPU.ActiveCfg = Debug|Any CPU
		{000D6105-C440-9EA5-7A0B-F55D3010EB24}.Debug|Any CPU.Build.0 = Debug|Any CPU
		{000D6105-C440-9EA5-7A0B-F55D3010EB24}.Release|Any CPU.ActiveCfg = Release|Any CPU
		{000D6105-C440-9EA5-7A0B-F55D3010EB24}.Release|Any CPU.Build.0 = Release|Any CPU
		{21429E28-36E3-F626-4785-4FE0FE075356}.Debug|Any CPU.ActiveCfg = Debug|Any CPU
		{21429E28-36E3-F626-4785-4FE0FE075356}.Debug|Any CPU.Build.0 = Debug|Any CPU
		{21429E28-36E3-F626-4785-4FE0FE075356}.Release|Any CPU.ActiveCfg = Release|Any CPU
		{21429E28-36E3-F626-4785-4FE0FE075356}.Release|Any CPU.Build.0 = Release|Any CPU
		{52A3DAE8-BDD1-BB14-BA54-F4A629AF705E}.Debug|Any CPU.ActiveCfg = Debug|Any CPU
		{52A3DAE8-BDD1-BB14-BA54-F4A629AF705E}.Debug|Any CPU.Build.0 = Debug|Any CPU
		{52A3DAE8-BDD1-BB14-BA54-F4A629AF705E}.Release|Any CPU.ActiveCfg = Release|Any CPU
		{52A3DAE8-BDD1-BB14-BA54-F4A629AF705E}.Release|Any CPU.Build.0 = Release|Any CPU
		{ADF9573C-2E63-3216-2FE4-0E93F5D24115}.Debug|Any CPU.ActiveCfg = Debug|Any CPU
		{ADF9573C-2E63-3216-2FE4-0E93F5D24115}.Debug|Any CPU.Build.0 = Debug|Any CPU
		{ADF9573C-2E63-3216-2FE4-0E93F5D24115}.Release|Any CPU.ActiveCfg = Release|Any CPU
		{ADF9573C-2E63-3216-2FE4-0E93F5D24115}.Release|Any CPU.Build.0 = Release|Any CPU
		{C08C07F2-E686-C684-F5D0-81439CA803E2}.Debug|Any CPU.ActiveCfg = Debug|Any CPU
		{C08C07F2-E686-C684-F5D0-81439CA803E2}.Debug|Any CPU.Build.0 = Debug|Any CPU
		{C08C07F2-E686-C684-F5D0-81439CA803E2}.Release|Any CPU.ActiveCfg = Release|Any CPU
		{C08C07F2-E686-C684-F5D0-81439CA803E2}.Release|Any CPU.Build.0 = Release|Any CPU
		{BBD78531-FE9E-0DEE-D06A-D0842FFAF7DF}.Debug|Any CPU.ActiveCfg = Debug|Any CPU
		{BBD78531-FE9E-0DEE-D06A-D0842FFAF7DF}.Debug|Any CPU.Build.0 = Debug|Any CPU
		{BBD78531-FE9E-0DEE-D06A-D0842FFAF7DF}.Release|Any CPU.ActiveCfg = Release|Any CPU
		{BBD78531-FE9E-0DEE-D06A-D0842FFAF7DF}.Release|Any CPU.Build.0 = Release|Any CPU
		{C5517AAA-7EE0-A8AE-818F-0EEFE66E81ED}.Debug|Any CPU.ActiveCfg = Debug|Any CPU
		{C5517AAA-7EE0-A8AE-818F-0EEFE66E81ED}.Debug|Any CPU.Build.0 = Debug|Any CPU
		{C5517AAA-7EE0-A8AE-818F-0EEFE66E81ED}.Release|Any CPU.ActiveCfg = Release|Any CPU
		{C5517AAA-7EE0-A8AE-818F-0EEFE66E81ED}.Release|Any CPU.Build.0 = Release|Any CPU
		{432EA1D8-BEC7-5C81-0CA2-E80A58753585}.Debug|Any CPU.ActiveCfg = Debug|Any CPU
		{432EA1D8-BEC7-5C81-0CA2-E80A58753585}.Debug|Any CPU.Build.0 = Debug|Any CPU
		{432EA1D8-BEC7-5C81-0CA2-E80A58753585}.Release|Any CPU.ActiveCfg = Release|Any CPU
		{432EA1D8-BEC7-5C81-0CA2-E80A58753585}.Release|Any CPU.Build.0 = Release|Any CPU
		{18E88808-417A-D577-0093-1EE3D51FBF0C}.Debug|Any CPU.ActiveCfg = Debug|Any CPU
		{18E88808-417A-D577-0093-1EE3D51FBF0C}.Debug|Any CPU.Build.0 = Debug|Any CPU
		{18E88808-417A-D577-0093-1EE3D51FBF0C}.Release|Any CPU.ActiveCfg = Release|Any CPU
		{18E88808-417A-D577-0093-1EE3D51FBF0C}.Release|Any CPU.Build.0 = Release|Any CPU
		{75AAFE38-0059-AFB9-2A33-E6D1EEE71E5F}.Debug|Any CPU.ActiveCfg = Debug|Any CPU
		{75AAFE38-0059-AFB9-2A33-E6D1EEE71E5F}.Debug|Any CPU.Build.0 = Debug|Any CPU
		{75AAFE38-0059-AFB9-2A33-E6D1EEE71E5F}.Release|Any CPU.ActiveCfg = Release|Any CPU
		{75AAFE38-0059-AFB9-2A33-E6D1EEE71E5F}.Release|Any CPU.Build.0 = Release|Any CPU
		{8F34C17E-086E-6FAA-B907-D3FA74CABB2A}.Debug|Any CPU.ActiveCfg = Debug|Any CPU
		{8F34C17E-086E-6FAA-B907-D3FA74CABB2A}.Debug|Any CPU.Build.0 = Debug|Any CPU
		{8F34C17E-086E-6FAA-B907-D3FA74CABB2A}.Release|Any CPU.ActiveCfg = Release|Any CPU
		{8F34C17E-086E-6FAA-B907-D3FA74CABB2A}.Release|Any CPU.Build.0 = Release|Any CPU
		{6E9E430F-891D-BF87-B438-160A7CD6F8A8}.Debug|Any CPU.ActiveCfg = Debug|Any CPU
		{6E9E430F-891D-BF87-B438-160A7CD6F8A8}.Debug|Any CPU.Build.0 = Debug|Any CPU
		{6E9E430F-891D-BF87-B438-160A7CD6F8A8}.Release|Any CPU.ActiveCfg = Release|Any CPU
		{6E9E430F-891D-BF87-B438-160A7CD6F8A8}.Release|Any CPU.Build.0 = Release|Any CPU
		{F45956B6-BD2D-18C4-50CD-44FF3314D328}.Debug|Any CPU.ActiveCfg = Debug|Any CPU
		{F45956B6-BD2D-18C4-50CD-44FF3314D328}.Debug|Any CPU.Build.0 = Debug|Any CPU
		{F45956B6-BD2D-18C4-50CD-44FF3314D328}.Release|Any CPU.ActiveCfg = Release|Any CPU
		{F45956B6-BD2D-18C4-50CD-44FF3314D328}.Release|Any CPU.Build.0 = Release|Any CPU
		{CD9F600B-5B24-0B44-BECB-F3D06288C183}.Debug|Any CPU.ActiveCfg = Debug|Any CPU
		{CD9F600B-5B24-0B44-BECB-F3D06288C183}.Debug|Any CPU.Build.0 = Debug|Any CPU
		{CD9F600B-5B24-0B44-BECB-F3D06288C183}.Release|Any CPU.ActiveCfg = Release|Any CPU
		{CD9F600B-5B24-0B44-BECB-F3D06288C183}.Release|Any CPU.Build.0 = Release|Any CPU
	EndGlobalSection
	GlobalSection(SolutionProperties) = preSolution
		HideSolutionNode = FALSE
	EndGlobalSection
EndGlobal
